// !$*UTF8*$!
{
	archiveVersion = 1;
	classes = {
	};
	objectVersion = 45;
	objects = {

/* Begin PBXBuildFile section */
		1DDD58160DA1D0A300B32029 /* MainMenu.xib in Resources */ = {isa = PBXBuildFile; fileRef = 1DDD58140DA1D0A300B32029 /* MainMenu.xib */; };
		256AC3DA0F4B6AC300CF3369 /* InsideJobAppDelegate.m in Sources */ = {isa = PBXBuildFile; fileRef = 256AC3D90F4B6AC300CF3369 /* InsideJobAppDelegate.m */; };
		668B2556125D5A3E0060BF71 /* NBTContainer.m in Sources */ = {isa = PBXBuildFile; fileRef = 668B2555125D5A3E0060BF71 /* NBTContainer.m */; };
		668B255C125D5BCA0060BF71 /* NSData+CocoaDevAdditions.m in Sources */ = {isa = PBXBuildFile; fileRef = 668B255B125D5BCA0060BF71 /* NSData+CocoaDevAdditions.m */; };
		668B2560125D5C1C0060BF71 /* libz.dylib in Frameworks */ = {isa = PBXBuildFile; fileRef = 668B255F125D5C1C0060BF71 /* libz.dylib */; };
		668B27AF125D8EFD0060BF71 /* IJMinecraftLevel.m in Sources */ = {isa = PBXBuildFile; fileRef = 668B27AE125D8EFD0060BF71 /* IJMinecraftLevel.m */; };
		668B27B2125D8F8E0060BF71 /* IJInventoryItem.m in Sources */ = {isa = PBXBuildFile; fileRef = 668B27B1125D8F8E0060BF71 /* IJInventoryItem.m */; };
		668B27F2125D963F0060BF71 /* IJInventoryWindowController.m in Sources */ = {isa = PBXBuildFile; fileRef = 668B27F1125D963F0060BF71 /* IJInventoryWindowController.m */; };
		668B290F125E40560060BF71 /* Items.csv in Resources */ = {isa = PBXBuildFile; fileRef = 668B28D8125E370A0060BF71 /* Items.csv */; };
		66BC00031260215C005A23F4 /* IJInventoryView.m in Sources */ = {isa = PBXBuildFile; fileRef = 66BC00021260215C005A23F4 /* IJInventoryView.m */; };
		66BC000E12602359005A23F4 /* QuartzCore.framework in Frameworks */ = {isa = PBXBuildFile; fileRef = 66BC000D12602359005A23F4 /* QuartzCore.framework */; };
		66BC033B1260CC59005A23F4 /* MAAttachedWindow.m in Sources */ = {isa = PBXBuildFile; fileRef = 66BC033A1260CC59005A23F4 /* MAAttachedWindow.m */; };
		66BC03621260D095005A23F4 /* IJItemPropertiesViewController.m in Sources */ = {isa = PBXBuildFile; fileRef = 66BC03611260D095005A23F4 /* IJItemPropertiesViewController.m */; };
		66BC04F812619072005A23F4 /* NSColor+Additions.m in Sources */ = {isa = PBXBuildFile; fileRef = 66BC04F712619072005A23F4 /* NSColor+Additions.m */; };
		66BC077312628257005A23F4 /* ItemPropertiesView.xib in Resources */ = {isa = PBXBuildFile; fileRef = 66BC077212628257005A23F4 /* ItemPropertiesView.xib */; };
		66BCFC2B125E9A51005A23F4 /* Credits.rtf in Resources */ = {isa = PBXBuildFile; fileRef = 66BCFC2A125E9A51005A23F4 /* Credits.rtf */; };
		66BCFC36125EA53E005A23F4 /* InsideJob.icns in Resources */ = {isa = PBXBuildFile; fileRef = 66BCFC35125EA53E005A23F4 /* InsideJob.icns */; };
		66BCFE62125FCEC6005A23F4 /* DataValuesV110Transparent.png in Resources */ = {isa = PBXBuildFile; fileRef = 66BCFE61125FCEC6005A23F4 /* DataValuesV110Transparent.png */; };
		8D11072B0486CEB800E47090 /* InfoPlist.strings in Resources */ = {isa = PBXBuildFile; fileRef = 089C165CFE840E0CC02AAC07 /* InfoPlist.strings */; };
		8D11072D0486CEB800E47090 /* main.m in Sources */ = {isa = PBXBuildFile; fileRef = 29B97316FDCFA39411CA2CEA /* main.m */; settings = {ATTRIBUTES = (); }; };
		8D11072F0486CEB800E47090 /* Cocoa.framework in Frameworks */ = {isa = PBXBuildFile; fileRef = 1058C7A1FEA54F0111CA2CBB /* Cocoa.framework */; };
/* End PBXBuildFile section */

/* Begin PBXFileReference section */
		089C165DFE840E0CC02AAC07 /* English */ = {isa = PBXFileReference; fileEncoding = 4; lastKnownFileType = text.plist.strings; name = English; path = English.lproj/InfoPlist.strings; sourceTree = "<group>"; };
		1058C7A1FEA54F0111CA2CBB /* Cocoa.framework */ = {isa = PBXFileReference; lastKnownFileType = wrapper.framework; name = Cocoa.framework; path = /System/Library/Frameworks/Cocoa.framework; sourceTree = "<absolute>"; };
		13E42FB307B3F0F600E4EEF1 /* CoreData.framework */ = {isa = PBXFileReference; lastKnownFileType = wrapper.framework; name = CoreData.framework; path = /System/Library/Frameworks/CoreData.framework; sourceTree = "<absolute>"; };
		1DDD58150DA1D0A300B32029 /* English */ = {isa = PBXFileReference; lastKnownFileType = file.xib; name = English; path = English.lproj/MainMenu.xib; sourceTree = "<group>"; };
		256AC3D80F4B6AC300CF3369 /* InsideJobAppDelegate.h */ = {isa = PBXFileReference; fileEncoding = 4; lastKnownFileType = sourcecode.c.h; path = InsideJobAppDelegate.h; sourceTree = "<group>"; };
		256AC3D90F4B6AC300CF3369 /* InsideJobAppDelegate.m */ = {isa = PBXFileReference; fileEncoding = 4; lastKnownFileType = sourcecode.c.objc; path = InsideJobAppDelegate.m; sourceTree = "<group>"; };
		256AC3F00F4B6AF500CF3369 /* InsideJob_Prefix.pch */ = {isa = PBXFileReference; fileEncoding = 4; lastKnownFileType = sourcecode.c.h; path = InsideJob_Prefix.pch; sourceTree = "<group>"; };
		29B97316FDCFA39411CA2CEA /* main.m */ = {isa = PBXFileReference; fileEncoding = 4; lastKnownFileType = sourcecode.c.objc; path = main.m; sourceTree = "<group>"; };
		29B97324FDCFA39411CA2CEA /* AppKit.framework */ = {isa = PBXFileReference; lastKnownFileType = wrapper.framework; name = AppKit.framework; path = /System/Library/Frameworks/AppKit.framework; sourceTree = "<absolute>"; };
		29B97325FDCFA39411CA2CEA /* Foundation.framework */ = {isa = PBXFileReference; lastKnownFileType = wrapper.framework; name = Foundation.framework; path = /System/Library/Frameworks/Foundation.framework; sourceTree = "<absolute>"; };
		668B2554125D5A3E0060BF71 /* NBTContainer.h */ = {isa = PBXFileReference; fileEncoding = 4; lastKnownFileType = sourcecode.c.h; path = NBTContainer.h; sourceTree = "<group>"; };
		668B2555125D5A3E0060BF71 /* NBTContainer.m */ = {isa = PBXFileReference; fileEncoding = 4; lastKnownFileType = sourcecode.c.objc; path = NBTContainer.m; sourceTree = "<group>"; };
		668B255A125D5BCA0060BF71 /* NSData+CocoaDevAdditions.h */ = {isa = PBXFileReference; fileEncoding = 4; lastKnownFileType = sourcecode.c.h; path = "NSData+CocoaDevAdditions.h"; sourceTree = "<group>"; };
		668B255B125D5BCA0060BF71 /* NSData+CocoaDevAdditions.m */ = {isa = PBXFileReference; fileEncoding = 4; lastKnownFileType = sourcecode.c.objc; path = "NSData+CocoaDevAdditions.m"; sourceTree = "<group>"; };
		668B255F125D5C1C0060BF71 /* libz.dylib */ = {isa = PBXFileReference; lastKnownFileType = "compiled.mach-o.dylib"; name = libz.dylib; path = usr/lib/libz.dylib; sourceTree = SDKROOT; };
		668B27AD125D8EFD0060BF71 /* IJMinecraftLevel.h */ = {isa = PBXFileReference; fileEncoding = 4; lastKnownFileType = sourcecode.c.h; path = IJMinecraftLevel.h; sourceTree = "<group>"; };
		668B27AE125D8EFD0060BF71 /* IJMinecraftLevel.m */ = {isa = PBXFileReference; fileEncoding = 4; lastKnownFileType = sourcecode.c.objc; path = IJMinecraftLevel.m; sourceTree = "<group>"; };
		668B27B0125D8F8E0060BF71 /* IJInventoryItem.h */ = {isa = PBXFileReference; fileEncoding = 4; lastKnownFileType = sourcecode.c.h; path = IJInventoryItem.h; sourceTree = "<group>"; };
		668B27B1125D8F8E0060BF71 /* IJInventoryItem.m */ = {isa = PBXFileReference; fileEncoding = 4; lastKnownFileType = sourcecode.c.objc; path = IJInventoryItem.m; sourceTree = "<group>"; };
		668B27F0125D963F0060BF71 /* IJInventoryWindowController.h */ = {isa = PBXFileReference; fileEncoding = 4; lastKnownFileType = sourcecode.c.h; path = IJInventoryWindowController.h; sourceTree = "<group>"; };
		668B27F1125D963F0060BF71 /* IJInventoryWindowController.m */ = {isa = PBXFileReference; fileEncoding = 4; lastKnownFileType = sourcecode.c.objc; path = IJInventoryWindowController.m; sourceTree = "<group>"; };
		668B28D8125E370A0060BF71 /* Items.csv */ = {isa = PBXFileReference; fileEncoding = 4; lastKnownFileType = text; path = Items.csv; sourceTree = "<group>"; };
		66BC00011260215C005A23F4 /* IJInventoryView.h */ = {isa = PBXFileReference; fileEncoding = 4; lastKnownFileType = sourcecode.c.h; path = IJInventoryView.h; sourceTree = "<group>"; };
		66BC00021260215C005A23F4 /* IJInventoryView.m */ = {isa = PBXFileReference; fileEncoding = 4; lastKnownFileType = sourcecode.c.objc; path = IJInventoryView.m; sourceTree = "<group>"; };
		66BC000D12602359005A23F4 /* QuartzCore.framework */ = {isa = PBXFileReference; lastKnownFileType = wrapper.framework; name = QuartzCore.framework; path = System/Library/Frameworks/QuartzCore.framework; sourceTree = SDKROOT; };
		66BC03391260CC59005A23F4 /* MAAttachedWindow.h */ = {isa = PBXFileReference; fileEncoding = 4; lastKnownFileType = sourcecode.c.h; path = MAAttachedWindow.h; sourceTree = "<group>"; };
		66BC033A1260CC59005A23F4 /* MAAttachedWindow.m */ = {isa = PBXFileReference; fileEncoding = 4; lastKnownFileType = sourcecode.c.objc; path = MAAttachedWindow.m; sourceTree = "<group>"; };
		66BC03601260D095005A23F4 /* IJItemPropertiesViewController.h */ = {isa = PBXFileReference; fileEncoding = 4; lastKnownFileType = sourcecode.c.h; path = IJItemPropertiesViewController.h; sourceTree = "<group>"; };
		66BC03611260D095005A23F4 /* IJItemPropertiesViewController.m */ = {isa = PBXFileReference; fileEncoding = 4; lastKnownFileType = sourcecode.c.objc; path = IJItemPropertiesViewController.m; sourceTree = "<group>"; };
		66BC03631260D0B3005A23F4 /* English */ = {isa = PBXFileReference; lastKnownFileType = file.xib; name = English; path = English.lproj/ItemPropertiesView.xib; sourceTree = "<group>"; };
		66BC04F612619072005A23F4 /* NSColor+Additions.h */ = {isa = PBXFileReference; fileEncoding = 4; lastKnownFileType = sourcecode.c.h; path = "NSColor+Additions.h"; sourceTree = "<group>"; };
		66BC04F712619072005A23F4 /* NSColor+Additions.m */ = {isa = PBXFileReference; fileEncoding = 4; lastKnownFileType = sourcecode.c.objc; path = "NSColor+Additions.m"; sourceTree = "<group>"; };
		66BCFC2A125E9A51005A23F4 /* Credits.rtf */ = {isa = PBXFileReference; lastKnownFileType = text.rtf; path = Credits.rtf; sourceTree = "<group>"; };
		66BCFC35125EA53E005A23F4 /* InsideJob.icns */ = {isa = PBXFileReference; lastKnownFileType = image.icns; path = InsideJob.icns; sourceTree = "<group>"; };
		66BCFE61125FCEC6005A23F4 /* DataValuesV110Transparent.png */ = {isa = PBXFileReference; lastKnownFileType = image.png; path = DataValuesV110Transparent.png; sourceTree = "<group>"; };
		8D1107310486CEB800E47090 /* InsideJob-Info.plist */ = {isa = PBXFileReference; fileEncoding = 4; lastKnownFileType = text.plist.xml; path = "InsideJob-Info.plist"; sourceTree = "<group>"; };
		8D1107320486CEB800E47090 /* Inside Job.app */ = {isa = PBXFileReference; explicitFileType = wrapper.application; includeInIndex = 0; path = "Inside Job.app"; sourceTree = BUILT_PRODUCTS_DIR; };
/* End PBXFileReference section */

/* Begin PBXFrameworksBuildPhase section */
		8D11072E0486CEB800E47090 /* Frameworks */ = {
			isa = PBXFrameworksBuildPhase;
			buildActionMask = 2147483647;
			files = (
				8D11072F0486CEB800E47090 /* Cocoa.framework in Frameworks */,
				668B2560125D5C1C0060BF71 /* libz.dylib in Frameworks */,
				66BC000E12602359005A23F4 /* QuartzCore.framework in Frameworks */,
			);
			runOnlyForDeploymentPostprocessing = 0;
		};
/* End PBXFrameworksBuildPhase section */

/* Begin PBXGroup section */
		080E96DDFE201D6D7F000001 /* Classes */ = {
			isa = PBXGroup;
			children = (
				256AC3D80F4B6AC300CF3369 /* InsideJobAppDelegate.h */,
				256AC3D90F4B6AC300CF3369 /* InsideJobAppDelegate.m */,
				668B27F3125D96470060BF71 /* Interface */,
				668B2551125D59BF0060BF71 /* Model */,
				66BC033E1260CC68005A23F4 /* Views & Windows */,
				668B2559125D5BB90060BF71 /* Categories */,
			);
			path = Classes;
			sourceTree = "<group>";
		};
		1058C7A0FEA54F0111CA2CBB /* Linked Frameworks */ = {
			isa = PBXGroup;
			children = (
				66BC000D12602359005A23F4 /* QuartzCore.framework */,
				668B255F125D5C1C0060BF71 /* libz.dylib */,
				1058C7A1FEA54F0111CA2CBB /* Cocoa.framework */,
			);
			name = "Linked Frameworks";
			sourceTree = "<group>";
		};
		1058C7A2FEA54F0111CA2CBB /* Other Frameworks */ = {
			isa = PBXGroup;
			children = (
				29B97324FDCFA39411CA2CEA /* AppKit.framework */,
				13E42FB307B3F0F600E4EEF1 /* CoreData.framework */,
				29B97325FDCFA39411CA2CEA /* Foundation.framework */,
			);
			name = "Other Frameworks";
			sourceTree = "<group>";
		};
		19C28FACFE9D520D11CA2CBB /* Products */ = {
			isa = PBXGroup;
			children = (
				8D1107320486CEB800E47090 /* Inside Job.app */,
			);
			name = Products;
			sourceTree = "<group>";
		};
		29B97314FDCFA39411CA2CEA /* InsideJob */ = {
			isa = PBXGroup;
			children = (
				080E96DDFE201D6D7F000001 /* Classes */,
				29B97315FDCFA39411CA2CEA /* Other Sources */,
				29B97317FDCFA39411CA2CEA /* Resources */,
				29B97323FDCFA39411CA2CEA /* Frameworks */,
				19C28FACFE9D520D11CA2CBB /* Products */,
			);
			name = InsideJob;
			sourceTree = "<group>";
		};
		29B97315FDCFA39411CA2CEA /* Other Sources */ = {
			isa = PBXGroup;
			children = (
				256AC3F00F4B6AF500CF3369 /* InsideJob_Prefix.pch */,
				29B97316FDCFA39411CA2CEA /* main.m */,
			);
			name = "Other Sources";
			sourceTree = "<group>";
		};
		29B97317FDCFA39411CA2CEA /* Resources */ = {
			isa = PBXGroup;
			children = (
				66BC07711262823E005A23F4 /* Images */,
				8D1107310486CEB800E47090 /* InsideJob-Info.plist */,
				089C165CFE840E0CC02AAC07 /* InfoPlist.strings */,
				1DDD58140DA1D0A300B32029 /* MainMenu.xib */,
				66BC077212628257005A23F4 /* ItemPropertiesView.xib */,
				668B28D8125E370A0060BF71 /* Items.csv */,
				66BCFC2A125E9A51005A23F4 /* Credits.rtf */,
			);
			name = Resources;
			sourceTree = "<group>";
		};
		29B97323FDCFA39411CA2CEA /* Frameworks */ = {
			isa = PBXGroup;
			children = (
				1058C7A0FEA54F0111CA2CBB /* Linked Frameworks */,
				1058C7A2FEA54F0111CA2CBB /* Other Frameworks */,
			);
			name = Frameworks;
			sourceTree = "<group>";
		};
		668B2551125D59BF0060BF71 /* Model */ = {
			isa = PBXGroup;
			children = (
				668B27AD125D8EFD0060BF71 /* IJMinecraftLevel.h */,
				668B27AE125D8EFD0060BF71 /* IJMinecraftLevel.m */,
				668B27B0125D8F8E0060BF71 /* IJInventoryItem.h */,
				668B27B1125D8F8E0060BF71 /* IJInventoryItem.m */,
				668B2554125D5A3E0060BF71 /* NBTContainer.h */,
				668B2555125D5A3E0060BF71 /* NBTContainer.m */,
			);
			name = Model;
			sourceTree = "<group>";
		};
		668B2559125D5BB90060BF71 /* Categories */ = {
			isa = PBXGroup;
			children = (
				668B255A125D5BCA0060BF71 /* NSData+CocoaDevAdditions.h */,
				668B255B125D5BCA0060BF71 /* NSData+CocoaDevAdditions.m */,
				66BC04F612619072005A23F4 /* NSColor+Additions.h */,
				66BC04F712619072005A23F4 /* NSColor+Additions.m */,
			);
			name = Categories;
			sourceTree = "<group>";
		};
		668B27F3125D96470060BF71 /* Interface */ = {
			isa = PBXGroup;
			children = (
				668B27F0125D963F0060BF71 /* IJInventoryWindowController.h */,
				668B27F1125D963F0060BF71 /* IJInventoryWindowController.m */,
				66BC00011260215C005A23F4 /* IJInventoryView.h */,
				66BC00021260215C005A23F4 /* IJInventoryView.m */,
				66BC03601260D095005A23F4 /* IJItemPropertiesViewController.h */,
				66BC03611260D095005A23F4 /* IJItemPropertiesViewController.m */,
			);
			name = Interface;
			sourceTree = "<group>";
		};
		66BC033E1260CC68005A23F4 /* Views & Windows */ = {
			isa = PBXGroup;
			children = (
				66BC03391260CC59005A23F4 /* MAAttachedWindow.h */,
				66BC033A1260CC59005A23F4 /* MAAttachedWindow.m */,
			);
			name = "Views & Windows";
			sourceTree = "<group>";
		};
		66BC07711262823E005A23F4 /* Images */ = {
			isa = PBXGroup;
			children = (
				66BCFE61125FCEC6005A23F4 /* DataValuesV110Transparent.png */,
				66BCFC35125EA53E005A23F4 /* InsideJob.icns */,
			);
			path = Images;
			sourceTree = "<group>";
		};
/* End PBXGroup section */

/* Begin PBXNativeTarget section */
		8D1107260486CEB800E47090 /* Inside Job */ = {
			isa = PBXNativeTarget;
			buildConfigurationList = C01FCF4A08A954540054247B /* Build configuration list for PBXNativeTarget "Inside Job" */;
			buildPhases = (
				8D1107290486CEB800E47090 /* Resources */,
				8D11072C0486CEB800E47090 /* Sources */,
				8D11072E0486CEB800E47090 /* Frameworks */,
			);
			buildRules = (
			);
			dependencies = (
			);
			name = "Inside Job";
			productInstallPath = "$(HOME)/Applications";
			productName = InsideJob;
			productReference = 8D1107320486CEB800E47090 /* Inside Job.app */;
			productType = "com.apple.product-type.application";
		};
/* End PBXNativeTarget section */

/* Begin PBXProject section */
		29B97313FDCFA39411CA2CEA /* Project object */ = {
			isa = PBXProject;
			attributes = {
				ORGANIZATIONNAME = "Adam Preble";
			};
			buildConfigurationList = C01FCF4E08A954540054247B /* Build configuration list for PBXProject "InsideJob" */;
			compatibilityVersion = "Xcode 3.1";
			developmentRegion = English;
			hasScannedForEncodings = 1;
			knownRegions = (
				English,
				Japanese,
				French,
				German,
			);
			mainGroup = 29B97314FDCFA39411CA2CEA /* InsideJob */;
			projectDirPath = "";
			projectRoot = "";
			targets = (
				8D1107260486CEB800E47090 /* Inside Job */,
			);
		};
/* End PBXProject section */

/* Begin PBXResourcesBuildPhase section */
		8D1107290486CEB800E47090 /* Resources */ = {
			isa = PBXResourcesBuildPhase;
			buildActionMask = 2147483647;
			files = (
				8D11072B0486CEB800E47090 /* InfoPlist.strings in Resources */,
				1DDD58160DA1D0A300B32029 /* MainMenu.xib in Resources */,
				668B290F125E40560060BF71 /* Items.csv in Resources */,
				66BCFC2B125E9A51005A23F4 /* Credits.rtf in Resources */,
				66BCFC36125EA53E005A23F4 /* InsideJob.icns in Resources */,
				66BCFE62125FCEC6005A23F4 /* DataValuesV110Transparent.png in Resources */,
				66BC077312628257005A23F4 /* ItemPropertiesView.xib in Resources */,
			);
			runOnlyForDeploymentPostprocessing = 0;
		};
/* End PBXResourcesBuildPhase section */

/* Begin PBXSourcesBuildPhase section */
		8D11072C0486CEB800E47090 /* Sources */ = {
			isa = PBXSourcesBuildPhase;
			buildActionMask = 2147483647;
			files = (
				8D11072D0486CEB800E47090 /* main.m in Sources */,
				256AC3DA0F4B6AC300CF3369 /* InsideJobAppDelegate.m in Sources */,
				668B2556125D5A3E0060BF71 /* NBTContainer.m in Sources */,
				668B255C125D5BCA0060BF71 /* NSData+CocoaDevAdditions.m in Sources */,
				668B27AF125D8EFD0060BF71 /* IJMinecraftLevel.m in Sources */,
				668B27B2125D8F8E0060BF71 /* IJInventoryItem.m in Sources */,
				668B27F2125D963F0060BF71 /* IJInventoryWindowController.m in Sources */,
				66BC00031260215C005A23F4 /* IJInventoryView.m in Sources */,
				66BC033B1260CC59005A23F4 /* MAAttachedWindow.m in Sources */,
				66BC03621260D095005A23F4 /* IJItemPropertiesViewController.m in Sources */,
				66BC04F812619072005A23F4 /* NSColor+Additions.m in Sources */,
			);
			runOnlyForDeploymentPostprocessing = 0;
		};
/* End PBXSourcesBuildPhase section */

/* Begin PBXVariantGroup section */
		089C165CFE840E0CC02AAC07 /* InfoPlist.strings */ = {
			isa = PBXVariantGroup;
			children = (
				089C165DFE840E0CC02AAC07 /* English */,
			);
			name = InfoPlist.strings;
			sourceTree = "<group>";
		};
		1DDD58140DA1D0A300B32029 /* MainMenu.xib */ = {
			isa = PBXVariantGroup;
			children = (
				1DDD58150DA1D0A300B32029 /* English */,
			);
			name = MainMenu.xib;
			sourceTree = "<group>";
		};
		66BC077212628257005A23F4 /* ItemPropertiesView.xib */ = {
			isa = PBXVariantGroup;
			children = (
				66BC03631260D0B3005A23F4 /* English */,
			);
			name = ItemPropertiesView.xib;
			sourceTree = "<group>";
		};
/* End PBXVariantGroup section */

/* Begin XCBuildConfiguration section */
		C01FCF4B08A954540054247B /* Debug */ = {
			isa = XCBuildConfiguration;
			buildSettings = {
				ALWAYS_SEARCH_USER_PATHS = NO;
				COPY_PHASE_STRIP = NO;
				GCC_DYNAMIC_NO_PIC = NO;
				GCC_ENABLE_FIX_AND_CONTINUE = YES;
				GCC_MODEL_TUNING = G5;
				GCC_OPTIMIZATION_LEVEL = 0;
				GCC_PRECOMPILE_PREFIX_HEADER = YES;
				GCC_PREFIX_HEADER = InsideJob_Prefix.pch;
				INFOPLIST_FILE = "InsideJob-Info.plist";
				INSTALL_PATH = "$(HOME)/Applications";
				PRODUCT_NAME = "Inside Job";
			};
			name = Debug;
		};
		C01FCF4C08A954540054247B /* Release */ = {
			isa = XCBuildConfiguration;
			buildSettings = {
				ALWAYS_SEARCH_USER_PATHS = NO;
				DEBUG_INFORMATION_FORMAT = "dwarf-with-dsym";
				GCC_MODEL_TUNING = G5;
				GCC_PRECOMPILE_PREFIX_HEADER = YES;
				GCC_PREFIX_HEADER = InsideJob_Prefix.pch;
				INFOPLIST_FILE = "InsideJob-Info.plist";
				INSTALL_PATH = "$(HOME)/Applications";
				PRODUCT_NAME = "Inside Job";
			};
			name = Release;
		};
		C01FCF4F08A954540054247B /* Debug */ = {
			isa = XCBuildConfiguration;
			buildSettings = {
				ARCHS = "$(ARCHS_STANDARD_32_64_BIT)";
				GCC_C_LANGUAGE_STANDARD = gnu99;
				GCC_OPTIMIZATION_LEVEL = 0;
				GCC_WARN_ABOUT_RETURN_TYPE = YES;
				GCC_WARN_UNUSED_VARIABLE = YES;
				ONLY_ACTIVE_ARCH = YES;
				PREBINDING = NO;
				SDKROOT = macosx10.6;
			};
			name = Debug;
		};
		C01FCF5008A954540054247B /* Release */ = {
			isa = XCBuildConfiguration;
			buildSettings = {
				ARCHS = "$(ARCHS_STANDARD_32_64_BIT)";
				GCC_C_LANGUAGE_STANDARD = gnu99;
				GCC_WARN_ABOUT_RETURN_TYPE = YES;
				GCC_WARN_UNUSED_VARIABLE = YES;
				PREBINDING = NO;
				SDKROOT = macosx10.6;
			};
			name = Release;
		};
/* End XCBuildConfiguration section */

/* Begin XCConfigurationList section */
		C01FCF4A08A954540054247B /* Build configuration list for PBXNativeTarget "Inside Job" */ = {
			isa = XCConfigurationList;
			buildConfigurations = (
				C01FCF4B08A954540054247B /* Debug */,
				C01FCF4C08A954540054247B /* Release */,
			);
			defaultConfigurationIsVisible = 0;
			defaultConfigurationName = Release;
		};
		C01FCF4E08A954540054247B /* Build configuration list for PBXProject "InsideJob" */ = {
			isa = XCConfigurationList;
			buildConfigurations = (
				C01FCF4F08A954540054247B /* Debug */,
				C01FCF5008A954540054247B /* Release */,
			);
			defaultConfigurationIsVisible = 0;
			defaultConfigurationName = Release;
		};
/* End XCConfigurationList section */
	};
	rootObject = 29B97313FDCFA39411CA2CEA /* Project object */;
}
